extensions:
- children:
  - b1c73380-3034-40ab-8124-70ad5fe2d85d
  - 94ac4286-6448-44a1-85f0-7f4ed17f3af2
  description: Runs haha, a sample gate for Jenkins X
  name: haha
  namespace: jx
  uuid: 2070ccca-cd43-11e8-a8d5-f2801f1b9fd1
  version: 0.0.11
- description: Upgrades haha
  name: hahaUpgrade
  namespace: jx
  parameters:
  - defaultValue: jenkins-x-extensions
    name: chartRepository
  script: |-
    #!/bin/sh
    NAME=haha
    helm repo update
    helm upgrade ${NAME} ${JX_HAHA_UPGRADE_CHART_REPOSITORY}/${NAME} --version ${EXT_VERSION} --set teamNamespace=${EXT_TEAM_NAMESPACE}
  uuid: 94ac4286-6448-44a1-85f0-7f4ed17f3af2
  version: 0.0.11
  when:
  - onUpgrade
- description: Upgrades the analyzer microservice that summarises facts about the
    static program analysis
  name: spotbugsAnalyzerUpgrade
  namespace: jx
  parameters:
  - defaultValue: jenkins-x-extensions
    name: chartRepository
  script: |-
    #!/bin/sh
    NAME=ext-spotbugs
    helm repo update
    helm install ${JX_SPOTBUGS_ANALYZER_UPGRADE_CHART_REPOSITORY}/${NAME} --version ${EXT_VERSION} --set teamNamespace=${EXT_TEAM_NAMESPACE} --name=${NAME}
  uuid: 9d304637-46aa-46d1-b005-9f3185017326
  version: 0.0.21
  when:
  - onUpgrade
- children:
  - fcb84b16-cb29-11e8-a8d5-f2801f1b9fd1
  - dbaa4866-cb29-11e8-a8d5-f2801f1b9fd1
  - 9e5d0968-c7c7-11e8-a8d5-f2801f1b9fd1
  description: Runs Spotbugs against a Maven project, attaches the output to the build,
    publishes the reports generated and summarises facts about the static program
    analysis to the build
  name: spotbugsMaven
  namespace: jx
  uuid: 9e5d081e-c7c7-11e8-a8d5-f2801f1b9fd1
  version: 0.0.21
- description: Publishes SpotBugs reports generated by the SpotBugs Maven Plugin
  name: spotbugsMavenPublish
  namespace: jx
  parameters:
  - description: The provider to use to publish SpotBugs reports
    name: provider
  script: |-
    #!/bin/sh
    jx step collect --provider=${JX_SPOTBUGS_MAVEN_PUBLISH_PROVIDER} --pattern=target/spotbugsXml.xml --classifier=spotbugs
  uuid: 9e5d0968-c7c7-11e8-a8d5-f2801f1b9fd1
  version: 0.0.21
- description: Installs the analyzer microservice that summarises facts about the
    static program analysis
  name: spotbugsAnalyzerInstall
  namespace: jx
  parameters:
  - defaultValue: jenkins-x-extensions
    name: chartRepository
  script: |-
    #!/bin/sh
    NAME=ext-spotbugs
    helm install ${JX_SPOTBUGS_ANALYZER_INSTALL_CHART_REPOSITORY}/${NAME} --version ${EXT_VERSION} --set teamNamespace=${EXT_TEAM_NAMESPACE} --name=${NAME}
  uuid: a3f98304-e8fb-47ac-9efa-fdb7b33f2df3
  version: 0.0.21
  when:
  - onInstall
- description: Installs haha
  name: hahaInstall
  namespace: jx
  parameters:
  - defaultValue: jenkins-x-extensions
    name: chartRepository
  script: |-
    #!/bin/sh
    NAME=haha
    helm repo update
    helm install ${JX_HAHA_INSTALL_CHART_REPOSITORY}/${NAME} --version ${EXT_VERSION} --set teamNamespace=${EXT_TEAM_NAMESPACE} --name=${NAME}
  uuid: b1c73380-3034-40ab-8124-70ad5fe2d85d
  version: 0.0.11
  when:
  - onInstall
- description: Runs SpotBugs against a Maven project and attaches the output to the
    build
  name: spotbugsMavenRun
  namespace: jx
  parameters:
  - defaultValue: 3.1.6
    description: The version of the SpotBugs Maven Plugin to use
    name: version
  script: "#!/bin/sh\nmvn compile com.github.spotbugs:spotbugs-maven-plugin:${JX_SPOTBUGS_MAVEN_VERSION}:spotbugs\n
    \   "
  uuid: dbaa4866-cb29-11e8-a8d5-f2801f1b9fd1
  version: 0.0.21
- children:
  - a3f98304-e8fb-47ac-9efa-fdb7b33f2df3
  - 9d304637-46aa-46d1-b005-9f3185017326
  description: The analyzer microservice that summarises facts about the static program
    analysis
  name: spotbugsAnalyzer
  namespace: jx
  uuid: fcb84b16-cb29-11e8-a8d5-f2801f1b9fd1
  version: 0.0.21
version: 0.0.21
